// !$*UTF8*$!
{
	archiveVersion = 1;
	classes = {
	};
	objectVersion = 55;
	objects = {

/* Begin PBXBuildFile section */
		46726A56270BE4B700D24BBE /* main.c in Sources */ = {isa = PBXBuildFile; fileRef = 46726A55270BE4B700D24BBE /* main.c */; };
		46726A5E270BE7A100D24BBE /* InitialiseFloor.c in Sources */ = {isa = PBXBuildFile; fileRef = 46726A5D270BE7A100D24BBE /* InitialiseFloor.c */; };
		46726A63270BF6E400D24BBE /* PrintFloor.c in Sources */ = {isa = PBXBuildFile; fileRef = 46726A62270BF6E400D24BBE /* PrintFloor.c */; };
		46A260A727154AEF009DB53E /* FloorAreaAvailable.c in Sources */ = {isa = PBXBuildFile; fileRef = 46A260A627154AEF009DB53E /* FloorAreaAvailable.c */; };
		46EFA828271665560060D728 /* AddContainer.c in Sources */ = {isa = PBXBuildFile; fileRef = 46EFA827271665560060D728 /* AddContainer.c */; };
		46EFA82C27167A0A0060D728 /* LocateContainer.c in Sources */ = {isa = PBXBuildFile; fileRef = 46EFA82B27167A0A0060D728 /* LocateContainer.c */; };
		46EFA82F27168E990060D728 /* MoveContainer.c in Sources */ = {isa = PBXBuildFile; fileRef = 46EFA82E27168E990060D728 /* MoveContainer.c */; };
/* End PBXBuildFile section */

/* Begin PBXCopyFilesBuildPhase section */
		46726A50270BE4B700D24BBE /* CopyFiles */ = {
			isa = PBXCopyFilesBuildPhase;
			buildActionMask = 2147483647;
			dstPath = /usr/share/man/man1/;
			dstSubfolderSpec = 0;
			files = (
			);
			runOnlyForDeploymentPostprocessing = 1;
		};
/* End PBXCopyFilesBuildPhase section */

/* Begin PBXFileReference section */
		46726A52270BE4B700D24BBE /* ENGGEN 131 C Project */ = {isa = PBXFileReference; explicitFileType = "compiled.mach-o.executable"; includeInIndex = 0; path = "ENGGEN 131 C Project"; sourceTree = BUILT_PRODUCTS_DIR; };
		46726A55270BE4B700D24BBE /* main.c */ = {isa = PBXFileReference; lastKnownFileType = sourcecode.c.c; path = main.c; sourceTree = "<group>"; };
		46726A5C270BE7A100D24BBE /* InitialiseFloor.h */ = {isa = PBXFileReference; lastKnownFileType = sourcecode.c.h; path = InitialiseFloor.h; sourceTree = "<group>"; };
		46726A5D270BE7A100D24BBE /* InitialiseFloor.c */ = {isa = PBXFileReference; lastKnownFileType = sourcecode.c.c; path = InitialiseFloor.c; sourceTree = "<group>"; };
		46726A61270BF6E400D24BBE /* PrintFloor.h */ = {isa = PBXFileReference; lastKnownFileType = sourcecode.c.h; path = PrintFloor.h; sourceTree = "<group>"; };
		46726A62270BF6E400D24BBE /* PrintFloor.c */ = {isa = PBXFileReference; lastKnownFileType = sourcecode.c.c; path = PrintFloor.c; sourceTree = "<group>"; };
		46726A64270BF71000D24BBE /* constants.h */ = {isa = PBXFileReference; lastKnownFileType = sourcecode.c.h; path = constants.h; sourceTree = "<group>"; };
		46726A65270BF7CA00D24BBE /* functions.h */ = {isa = PBXFileReference; lastKnownFileType = sourcecode.c.h; path = functions.h; sourceTree = "<group>"; };
		46A260A527154AEF009DB53E /* FloorAreaAvailable.h */ = {isa = PBXFileReference; lastKnownFileType = sourcecode.c.h; path = FloorAreaAvailable.h; sourceTree = "<group>"; };
		46A260A627154AEF009DB53E /* FloorAreaAvailable.c */ = {isa = PBXFileReference; lastKnownFileType = sourcecode.c.c; path = FloorAreaAvailable.c; sourceTree = "<group>"; };
		46EFA826271665560060D728 /* AddContainer.h */ = {isa = PBXFileReference; lastKnownFileType = sourcecode.c.h; path = AddContainer.h; sourceTree = "<group>"; };
		46EFA827271665560060D728 /* AddContainer.c */ = {isa = PBXFileReference; lastKnownFileType = sourcecode.c.c; path = AddContainer.c; sourceTree = "<group>"; };
		46EFA82A27167A0A0060D728 /* LocateContainer.h */ = {isa = PBXFileReference; lastKnownFileType = sourcecode.c.h; path = LocateContainer.h; sourceTree = "<group>"; };
		46EFA82B27167A0A0060D728 /* LocateContainer.c */ = {isa = PBXFileReference; lastKnownFileType = sourcecode.c.c; path = LocateContainer.c; sourceTree = "<group>"; };
		46EFA82D27168E990060D728 /* MoveContainer.h */ = {isa = PBXFileReference; lastKnownFileType = sourcecode.c.h; path = MoveContainer.h; sourceTree = "<group>"; };
		46EFA82E27168E990060D728 /* MoveContainer.c */ = {isa = PBXFileReference; lastKnownFileType = sourcecode.c.c; path = MoveContainer.c; sourceTree = "<group>"; };
/* End PBXFileReference section */

/* Begin PBXFrameworksBuildPhase section */
		46726A4F270BE4B700D24BBE /* Frameworks */ = {
			isa = PBXFrameworksBuildPhase;
			buildActionMask = 2147483647;
			files = (
			);
			runOnlyForDeploymentPostprocessing = 0;
		};
/* End PBXFrameworksBuildPhase section */

/* Begin PBXGroup section */
		46726A49270BE4B700D24BBE = {
			isa = PBXGroup;
			children = (
				46726A54270BE4B700D24BBE /* C Project */,
				46726A53270BE4B700D24BBE /* Products */,
			);
			sourceTree = "<group>";
		};
		46726A53270BE4B700D24BBE /* Products */ = {
			isa = PBXGroup;
			children = (
				46726A52270BE4B700D24BBE /* ENGGEN 131 C Project */,
			);
			name = Products;
			sourceTree = "<group>";
		};
		46726A54270BE4B700D24BBE /* C Project */ = {
			isa = PBXGroup;
			children = (
				46726A64270BF71000D24BBE /* constants.h */,
				46726A65270BF7CA00D24BBE /* functions.h */,
				46726A55270BE4B700D24BBE /* main.c */,
				46726A5F270BE7A600D24BBE /* 1. InitialiseFloor */,
				46726A60270BF6CA00D24BBE /* 2. PrintFloor */,
				46A260A427154AB2009DB53E /* 3. FloorAreaAvailable */,
				46EFA825271665440060D728 /* 4. AddContainer */,
				46EFA829271679EE0060D728 /* 5. LocateContainer */,
				46EFA83027168EAA0060D728 /* 6. MoveContainer */,
			);
			path = "C Project";
			sourceTree = "<group>";
		};
		46726A5F270BE7A600D24BBE /* 1. InitialiseFloor */ = {
			isa = PBXGroup;
			children = (
				46726A5C270BE7A100D24BBE /* InitialiseFloor.h */,
				46726A5D270BE7A100D24BBE /* InitialiseFloor.c */,
			);
			path = "1. InitialiseFloor";
			sourceTree = "<group>";
		};
		46726A60270BF6CA00D24BBE /* 2. PrintFloor */ = {
			isa = PBXGroup;
			children = (
				46726A61270BF6E400D24BBE /* PrintFloor.h */,
				46726A62270BF6E400D24BBE /* PrintFloor.c */,
			);
			path = "2. PrintFloor";
			sourceTree = "<group>";
		};
		46A260A427154AB2009DB53E /* 3. FloorAreaAvailable */ = {
			isa = PBXGroup;
			children = (
				46A260A527154AEF009DB53E /* FloorAreaAvailable.h */,
				46A260A627154AEF009DB53E /* FloorAreaAvailable.c */,
			);
			path = "3. FloorAreaAvailable";
			sourceTree = "<group>";
		};
		46EFA825271665440060D728 /* 4. AddContainer */ = {
			isa = PBXGroup;
			children = (
				46EFA826271665560060D728 /* AddContainer.h */,
				46EFA827271665560060D728 /* AddContainer.c */,
			);
			path = "4. AddContainer";
			sourceTree = "<group>";
		};
		46EFA829271679EE0060D728 /* 5. LocateContainer */ = {
			isa = PBXGroup;
			children = (
				46EFA82A27167A0A0060D728 /* LocateContainer.h */,
				46EFA82B27167A0A0060D728 /* LocateContainer.c */,
			);
			path = "5. LocateContainer";
			sourceTree = "<group>";
		};
		46EFA83027168EAA0060D728 /* 6. MoveContainer */ = {
			isa = PBXGroup;
			children = (
				46EFA82D27168E990060D728 /* MoveContainer.h */,
				46EFA82E27168E990060D728 /* MoveContainer.c */,
			);
			path = "6. MoveContainer";
			sourceTree = "<group>";
		};
/* End PBXGroup section */

/* Begin PBXNativeTarget section */
		46726A51270BE4B700D24BBE /* ENGGEN 131 C Project */ = {
			isa = PBXNativeTarget;
			buildConfigurationList = 46726A59270BE4B700D24BBE /* Build configuration list for PBXNativeTarget "ENGGEN 131 C Project" */;
			buildPhases = (
				46726A4E270BE4B700D24BBE /* Sources */,
				46726A4F270BE4B700D24BBE /* Frameworks */,
				46726A50270BE4B700D24BBE /* CopyFiles */,
			);
			buildRules = (
			);
			dependencies = (
			);
			name = "ENGGEN 131 C Project";
			productName = "ENGGEN 131 C Project";
			productReference = 46726A52270BE4B700D24BBE /* ENGGEN 131 C Project */;
			productType = "com.apple.product-type.tool";
		};
/* End PBXNativeTarget section */

/* Begin PBXProject section */
		46726A4A270BE4B700D24BBE /* Project object */ = {
			isa = PBXProject;
			attributes = {
				BuildIndependentTargetsInParallel = 1;
				LastUpgradeCheck = 1300;
				TargetAttributes = {
					46726A51270BE4B700D24BBE = {
						CreatedOnToolsVersion = 13.0;
					};
				};
			};
			buildConfigurationList = 46726A4D270BE4B700D24BBE /* Build configuration list for PBXProject "C Project" */;
			compatibilityVersion = "Xcode 13.0";
			developmentRegion = en;
			hasScannedForEncodings = 0;
			knownRegions = (
				en,
				Base,
			);
			mainGroup = 46726A49270BE4B700D24BBE;
			productRefGroup = 46726A53270BE4B700D24BBE /* Products */;
			projectDirPath = "";
			projectRoot = "";
			targets = (
				46726A51270BE4B700D24BBE /* ENGGEN 131 C Project */,
			);
		};
/* End PBXProject section */

/* Begin PBXSourcesBuildPhase section */
		46726A4E270BE4B700D24BBE /* Sources */ = {
			isa = PBXSourcesBuildPhase;
			buildActionMask = 2147483647;
			files = (
				46726A56270BE4B700D24BBE /* main.c in Sources */,
				46EFA828271665560060D728 /* AddContainer.c in Sources */,
				46A260A727154AEF009DB53E /* FloorAreaAvailable.c in Sources */,
				46726A63270BF6E400D24BBE /* PrintFloor.c in Sources */,
				46EFA82F27168E990060D728 /* MoveContainer.c in Sources */,
				46726A5E270BE7A100D24BBE /* InitialiseFloor.c in Sources */,
				46EFA82C27167A0A0060D728 /* LocateContainer.c in Sources */,
			);
			runOnlyForDeploymentPostprocessing = 0;
		};
/* End PBXSourcesBuildPhase section */

/* Begin XCBuildConfiguration section */
		46726A57270BE4B700D24BBE /* Debug */ = {
			isa = XCBuildConfiguration;
			buildSettings = {
				ALWAYS_SEARCH_USER_PATHS = NO;
				CLANG_ANALYZER_NONNULL = YES;
				CLANG_ANALYZER_NUMBER_OBJECT_CONVERSION = YES_AGGRESSIVE;
				CLANG_CXX_LANGUAGE_STANDARD = "gnu++17";
				CLANG_CXX_LIBRARY = "libc++";
				CLANG_ENABLE_MODULES = YES;
				CLANG_ENABLE_OBJC_ARC = YES;
				CLANG_ENABLE_OBJC_WEAK = YES;
				CLANG_WARN_BLOCK_CAPTURE_AUTORELEASING = YES;
				CLANG_WARN_BOOL_CONVERSION = YES;
				CLANG_WARN_COMMA = YES;
				CLANG_WARN_CONSTANT_CONVERSION = YES;
				CLANG_WARN_DEPRECATED_OBJC_IMPLEMENTATIONS = YES;
				CLANG_WARN_DIRECT_OBJC_ISA_USAGE = YES_ERROR;
				CLANG_WARN_DOCUMENTATION_COMMENTS = YES;
				CLANG_WARN_EMPTY_BODY = YES;
				CLANG_WARN_ENUM_CONVERSION = YES;
				CLANG_WARN_INFINITE_RECURSION = YES;
				CLANG_WARN_INT_CONVERSION = YES;
				CLANG_WARN_NON_LITERAL_NULL_CONVERSION = YES;
				CLANG_WARN_OBJC_IMPLICIT_RETAIN_SELF = YES;
				CLANG_WARN_OBJC_LITERAL_CONVERSION = YES;
				CLANG_WARN_OBJC_ROOT_CLASS = YES_ERROR;
				CLANG_WARN_QUOTED_INCLUDE_IN_FRAMEWORK_HEADER = YES;
				CLANG_WARN_RANGE_LOOP_ANALYSIS = YES;
				CLANG_WARN_STRICT_PROTOTYPES = YES;
				CLANG_WARN_SUSPICIOUS_MOVE = YES;
				CLANG_WARN_UNGUARDED_AVAILABILITY = YES_AGGRESSIVE;
				CLANG_WARN_UNREACHABLE_CODE = YES;
				CLANG_WARN__DUPLICATE_METHOD_MATCH = YES;
				COPY_PHASE_STRIP = NO;
				DEBUG_INFORMATION_FORMAT = dwarf;
				ENABLE_STRICT_OBJC_MSGSEND = YES;
				ENABLE_TESTABILITY = YES;
				GCC_C_LANGUAGE_STANDARD = gnu11;
				GCC_DYNAMIC_NO_PIC = NO;
				GCC_NO_COMMON_BLOCKS = YES;
				GCC_OPTIMIZATION_LEVEL = 0;
				GCC_PREPROCESSOR_DEFINITIONS = (
					"DEBUG=1",
					"$(inherited)",
				);
				GCC_WARN_64_TO_32_BIT_CONVERSION = YES;
				GCC_WARN_ABOUT_RETURN_TYPE = YES_ERROR;
				GCC_WARN_UNDECLARED_SELECTOR = YES;
				GCC_WARN_UNINITIALIZED_AUTOS = YES_AGGRESSIVE;
				GCC_WARN_UNUSED_FUNCTION = YES;
				GCC_WARN_UNUSED_VARIABLE = YES;
				MACOSX_DEPLOYMENT_TARGET = 11.3;
				MTL_ENABLE_DEBUG_INFO = INCLUDE_SOURCE;
				MTL_FAST_MATH = YES;
				ONLY_ACTIVE_ARCH = YES;
				SDKROOT = macosx;
			};
			name = Debug;
		};
		46726A58270BE4B700D24BBE /* Release */ = {
			isa = XCBuildConfiguration;
			buildSettings = {
				ALWAYS_SEARCH_USER_PATHS = NO;
				CLANG_ANALYZER_NONNULL = YES;
				CLANG_ANALYZER_NUMBER_OBJECT_CONVERSION = YES_AGGRESSIVE;
				CLANG_CXX_LANGUAGE_STANDARD = "gnu++17";
				CLANG_CXX_LIBRARY = "libc++";
				CLANG_ENABLE_MODULES = YES;
				CLANG_ENABLE_OBJC_ARC = YES;
				CLANG_ENABLE_OBJC_WEAK = YES;
				CLANG_WARN_BLOCK_CAPTURE_AUTORELEASING = YES;
				CLANG_WARN_BOOL_CONVERSION = YES;
				CLANG_WARN_COMMA = YES;
				CLANG_WARN_CONSTANT_CONVERSION = YES;
				CLANG_WARN_DEPRECATED_OBJC_IMPLEMENTATIONS = YES;
				CLANG_WARN_DIRECT_OBJC_ISA_USAGE = YES_ERROR;
				CLANG_WARN_DOCUMENTATION_COMMENTS = YES;
				CLANG_WARN_EMPTY_BODY = YES;
				CLANG_WARN_ENUM_CONVERSION = YES;
				CLANG_WARN_INFINITE_RECURSION = YES;
				CLANG_WARN_INT_CONVERSION = YES;
				CLANG_WARN_NON_LITERAL_NULL_CONVERSION = YES;
				CLANG_WARN_OBJC_IMPLICIT_RETAIN_SELF = YES;
				CLANG_WARN_OBJC_LITERAL_CONVERSION = YES;
				CLANG_WARN_OBJC_ROOT_CLASS = YES_ERROR;
				CLANG_WARN_QUOTED_INCLUDE_IN_FRAMEWORK_HEADER = YES;
				CLANG_WARN_RANGE_LOOP_ANALYSIS = YES;
				CLANG_WARN_STRICT_PROTOTYPES = YES;
				CLANG_WARN_SUSPICIOUS_MOVE = YES;
				CLANG_WARN_UNGUARDED_AVAILABILITY = YES_AGGRESSIVE;
				CLANG_WARN_UNREACHABLE_CODE = YES;
				CLANG_WARN__DUPLICATE_METHOD_MATCH = YES;
				COPY_PHASE_STRIP = NO;
				DEBUG_INFORMATION_FORMAT = "dwarf-with-dsym";
				ENABLE_NS_ASSERTIONS = NO;
				ENABLE_STRICT_OBJC_MSGSEND = YES;
				GCC_C_LANGUAGE_STANDARD = gnu11;
				GCC_NO_COMMON_BLOCKS = YES;
				GCC_WARN_64_TO_32_BIT_CONVERSION = YES;
				GCC_WARN_ABOUT_RETURN_TYPE = YES_ERROR;
				GCC_WARN_UNDECLARED_SELECTOR = YES;
				GCC_WARN_UNINITIALIZED_AUTOS = YES_AGGRESSIVE;
				GCC_WARN_UNUSED_FUNCTION = YES;
				GCC_WARN_UNUSED_VARIABLE = YES;
				MACOSX_DEPLOYMENT_TARGET = 11.3;
				MTL_ENABLE_DEBUG_INFO = NO;
				MTL_FAST_MATH = YES;
				SDKROOT = macosx;
			};
			name = Release;
		};
		46726A5A270BE4B700D24BBE /* Debug */ = {
			isa = XCBuildConfiguration;
			buildSettings = {
				CODE_SIGN_STYLE = Automatic;
				DEVELOPMENT_TEAM = 9MP5435PRF;
				ENABLE_HARDENED_RUNTIME = YES;
				PRODUCT_NAME = "$(TARGET_NAME)";
			};
			name = Debug;
		};
		46726A5B270BE4B700D24BBE /* Release */ = {
			isa = XCBuildConfiguration;
			buildSettings = {
				CODE_SIGN_STYLE = Automatic;
				DEVELOPMENT_TEAM = 9MP5435PRF;
				ENABLE_HARDENED_RUNTIME = YES;
				PRODUCT_NAME = "$(TARGET_NAME)";
			};
			name = Release;
		};
/* End XCBuildConfiguration section */

/* Begin XCConfigurationList section */
		46726A4D270BE4B700D24BBE /* Build configuration list for PBXProject "C Project" */ = {
			isa = XCConfigurationList;
			buildConfigurations = (
				46726A57270BE4B700D24BBE /* Debug */,
				46726A58270BE4B700D24BBE /* Release */,
			);
			defaultConfigurationIsVisible = 0;
			defaultConfigurationName = Release;
		};
		46726A59270BE4B700D24BBE /* Build configuration list for PBXNativeTarget "ENGGEN 131 C Project" */ = {
			isa = XCConfigurationList;
			buildConfigurations = (
				46726A5A270BE4B700D24BBE /* Debug */,
				46726A5B270BE4B700D24BBE /* Release */,
			);
			defaultConfigurationIsVisible = 0;
			defaultConfigurationName = Release;
		};
/* End XCConfigurationList section */
	};
	rootObject = 46726A4A270BE4B700D24BBE /* Project object */;
}
